Microsoft Visual Studio Solution File, Format Version 12.00
# Visual Studio 2012
Project("{FAE04EC0-301F-11D3-BF4B-00C04F79EFBC}") = "Isometric- Mmo- Sketch", "Isometric- Mmo- Sketch.csproj", "{E9F02EF2-B8C3-47E2-808C-F172A556EB97}"
EndProject
Global
	GlobalSection(SolutionConfigurationPlatforms) = preSolution
	Debug|Any CPU = Debug|Any CPU
	ExportDebug|Any CPU = ExportDebug|Any CPU
	ExportRelease|Any CPU = ExportRelease|Any CPU
	EndGlobalSection
	GlobalSection(ProjectConfigurationPlatforms) = postSolution
		{E9F02EF2-B8C3-47E2-808C-F172A556EB97}.Debug|Any CPU.ActiveCfg = Debug|Any CPU
		{E9F02EF2-B8C3-47E2-808C-F172A556EB97}.Debug|Any CPU.Build.0 = Debug|Any CPU
		{E9F02EF2-B8C3-47E2-808C-F172A556EB97}.ExportDebug|Any CPU.ActiveCfg = ExportDebug|Any CPU
		{E9F02EF2-B8C3-47E2-808C-F172A556EB97}.ExportDebug|Any CPU.Build.0 = ExportDebug|Any CPU
		{E9F02EF2-B8C3-47E2-808C-F172A556EB97}.ExportRelease|Any CPU.ActiveCfg = ExportRelease|Any CPU
		{E9F02EF2-B8C3-47E2-808C-F172A556EB97}.ExportRelease|Any CPU.Build.0 = ExportRelease|Any CPU
	EndGlobalSection
EndGlobal
